
Microsoft Visual Studio Solution File, Format Version 12.00
# Visual Studio Version 16
VisualStudioVersion = 16.0.30204.135
MinimumVisualStudioVersion = 10.0.40219.1
Project("{FAE04EC0-301F-11D3-BF4B-00C04F79EFBC}") = "Prodavnica Racunara", "Prodavnica Racunara\Prodavnica Racunara.csproj", "{9B28CAF7-A649-48EB-B6CF-B7700E6A74A8}"
EndProject
Global
	GlobalSection(SolutionConfigurationPlatforms) = preSolution
		Debug|Any CPU = Debug|Any CPU
		Release|Any CPU = Release|Any CPU
	EndGlobalSection
	GlobalSection(ProjectConfigurationPlatforms) = postSolution
		{9B28CAF7-A649-48EB-B6CF-B7700E6A74A8}.Debug|Any CPU.ActiveCfg = Debug|Any CPU
		{9B28CAF7-A649-48EB-B6CF-B7700E6A74A8}.Debug|Any CPU.Build.0 = Debug|Any CPU
		{9B28CAF7-A649-48EB-B6CF-B7700E6A74A8}.Release|Any CPU.ActiveCfg = Release|Any CPU
		{9B28CAF7-A649-48EB-B6CF-B7700E6A74A8}.Release|Any CPU.Build.0 = Release|Any CPU
	EndGlobalSection
	GlobalSection(SolutionProperties) = preSolution
		HideSolutionNode = FALSE
	EndGlobalSection
	GlobalSection(ExtensibilityGlobals) = postSolution
		SolutionGuid = {516DF712-F56B-4F2A-AF9B-6FBCB5376D2B}
	EndGlobalSection
EndGlobal
